
Microsoft Visual Studio Solution File, Format Version 12.00
# Visual Studio 14
VisualStudioVersion = 14.0.25420.1
MinimumVisualStudioVersion = 10.0.40219.1
Project("{8BC9CEB8-8B4A-11D0-8D11-00A0C91BC942}") = "C", "C\C.vcxproj", "{224C8F1B-E029-418C-B334-89BE76FBD8CB}"
EndProject
Global
	GlobalSection(SolutionConfigurationPlatforms) = preSolution
		Debug|x64 = Debug|x64
		Debug|x86 = Debug|x86
		Release|x64 = Release|x64
		Release|x86 = Release|x86
	EndGlobalSection
	GlobalSection(ProjectConfigurationPlatforms) = postSolution
		{224C8F1B-E029-418C-B334-89BE76FBD8CB}.Debug|x64.ActiveCfg = Debug|x64
		{224C8F1B-E029-418C-B334-89BE76FBD8CB}.Debug|x64.Build.0 = Debug|x64
		{224C8F1B-E029-418C-B334-89BE76FBD8CB}.Debug|x86.ActiveCfg = Debug|Win32
		{224C8F1B-E029-418C-B334-89BE76FBD8CB}.Debug|x86.Build.0 = Debug|Win32
		{224C8F1B-E029-418C-B334-89BE76FBD8CB}.Release|x64.ActiveCfg = Release|x64
		{224C8F1B-E029-418C-B334-89BE76FBD8CB}.Release|x64.Build.0 = Release|x64
		{224C8F1B-E029-418C-B334-89BE76FBD8CB}.Release|x86.ActiveCfg = Release|Win32
		{224C8F1B-E029-418C-B334-89BE76FBD8CB}.Release|x86.Build.0 = Release|Win32
	EndGlobalSection
	GlobalSection(SolutionProperties) = preSolution
		HideSolutionNode = FALSE
	EndGlobalSection
EndGlobal
